<?xml version="1.0" encoding="utf-8"?>
<Project ToolsVersion="4.0" xmlns="http://schemas.microsoft.com/developer/msbuild/2003">
  <ItemGroup>
    <Filter Include="源文件">
      <UniqueIdentifier>{4FC737F1-C7A5-4376-A066-2A32D752A2FF}</UniqueIdentifier>
      <Extensions>cpp;c;cc;cxx;def;odl;idl;hpj;bat;asm;asmx</Extensions>
    </Filter>
    <Filter Include="头文件">
      <UniqueIdentifier>{93995380-89BD-4b04-88EB-625FBE52EBFB}</UniqueIdentifier>
      <Extensions>h;hh;hpp;hxx;hm;inl;inc;ipp;xsd</Extensions>
    </Filter>
    <Filter Include="资源文件">
      <UniqueIdentifier>{67DA6AB6-F800-4c08-8B7A-83BB121AAD01}</UniqueIdentifier>
      <Extensions>rc;ico;cur;bmp;dlg;rc2;rct;bin;rgs;gif;jpg;jpeg;jpe;resx;tiff;tif;png;wav;mfcribbon-ms</Extensions>
    </Filter>
  </ItemGroup>
  <ItemGroup>
    <ClCompile Include="main.cpp">
      <Filter>源文件</Filter>
    </ClCompile>
    <ClCompile Include="VulkanInstance.cpp">
      <Filter>源文件</Filter>
    </ClCompile>
    <ClCompile Include="VulkanDevice.cpp">
      <Filter>源文件</Filter>
    </ClCompile>
    <ClCompile Include="VulkanCommandPool.cpp">
      <Filter>源文件</Filter>
    </ClCompile>
    <ClCompile Include="VulkanCommandBuffer.cpp">
      <Filter>源文件</Filter>
    </ClCompile>
    <ClCompile Include="VulkanShader.cpp">
      <Filter>源文件</Filter>
    </ClCompile>
    <ClCompile Include="VulkanPipeline.cpp">
      <Filter>源文件</Filter>
    </ClCompile>
    <ClCompile Include="VulkanFramebuffer.cpp">
      <Filter>源文件</Filter>
    </ClCompile>
    <ClCompile Include="VulkanGpu.cpp">
      <Filter>源文件</Filter>
    </ClCompile>
    <ClCompile Include="VulkanGpuManager.cpp">
      <Filter>源文件</Filter>
    </ClCompile>
    <ClCompile Include="VulkanSurface.cpp">
      <Filter>源文件</Filter>
    </ClCompile>
    <ClCompile Include="VulkanGlobal.cpp">
      <Filter>源文件</Filter>
    </ClCompile>
    <ClCompile Include="VulkanSwapChainKHR.cpp">
      <Filter>源文件</Filter>
    </ClCompile>
    <ClCompile Include="VulkanPipelineLayout.cpp">
      <Filter>源文件</Filter>
    </ClCompile>
    <ClCompile Include="VulkanRenderPass.cpp">
      <Filter>源文件</Filter>
    </ClCompile>
    <ClCompile Include="VulkanImageView.cpp">
      <Filter>源文件</Filter>
    </ClCompile>
    <ClCompile Include="VertexData.cpp">
      <Filter>源文件</Filter>
    </ClCompile>
    <ClCompile Include="VulkanVertexBufferBase.cpp">
      <Filter>源文件</Filter>
    </ClCompile>
    <ClCompile Include="VulkanHostVisibleVertexBuffer.cpp">
      <Filter>源文件</Filter>
    </ClCompile>
    <ClCompile Include="VulkanDeviceLocalVertexBuffer.cpp">
      <Filter>源文件</Filter>
    </ClCompile>
    <ClCompile Include="VulkanQueue.cpp">
      <Filter>源文件</Filter>
    </ClCompile>
    <ClCompile Include="VulkanCommandBase.cpp">
      <Filter>源文件</Filter>
    </ClCompile>
    <ClCompile Include="VulkanRenderPassBeginCommand.cpp">
      <Filter>源文件</Filter>
    </ClCompile>
    <ClCompile Include="VulkanBindPipelineCommand.cpp">
      <Filter>源文件</Filter>
    </ClCompile>
    <ClCompile Include="VulkanDrawCommand.cpp">
      <Filter>源文件</Filter>
    </ClCompile>
    <ClCompile Include="VulkanFence.cpp">
      <Filter>源文件</Filter>
    </ClCompile>
    <ClCompile Include="VulkanSemaphore.cpp">
      <Filter>源文件</Filter>
    </ClCompile>
    <ClCompile Include="VulkanBuffer.cpp">
      <Filter>源文件</Filter>
    </ClCompile>
    <ClCompile Include="VulkanUniformBuffer.cpp">
      <Filter>源文件</Filter>
    </ClCompile>
    <ClCompile Include="VulkanDescriptorPool.cpp">
      <Filter>源文件</Filter>
    </ClCompile>
    <ClCompile Include="VulkanDescriptorSet.cpp">
      <Filter>源文件</Filter>
    </ClCompile>
    <ClCompile Include="VulkanDescriptorSetLayout.cpp">
      <Filter>源文件</Filter>
    </ClCompile>
    <ClCompile Include="VulkanHostVisibleIndexBuffer.cpp">
      <Filter>源文件</Filter>
    </ClCompile>
    <ClCompile Include="VulkanDeviceLocalIndexBuffer.cpp">
      <Filter>源文件</Filter>
    </ClCompile>
    <ClCompile Include="ImageData.cpp">
      <Filter>源文件</Filter>
    </ClCompile>
    <ClCompile Include="VulkanImageHostVisibleBuffer.cpp">
      <Filter>源文件</Filter>
    </ClCompile>
    <ClCompile Include="VulkanDeviceLocalImage.cpp">
      <Filter>源文件</Filter>
    </ClCompile>
    <ClCompile Include="VulkanSampler.cpp">
      <Filter>源文件</Filter>
    </ClCompile>
    <ClCompile Include="VulkanDescriptor.cpp">
      <Filter>源文件</Filter>
    </ClCompile>
    <ClCompile Include="VulkanBufferDescriptor.cpp">
      <Filter>源文件</Filter>
    </ClCompile>
  </ItemGroup>
  <ItemGroup>
    <ClInclude Include="VulkanInstance.h">
      <Filter>头文件</Filter>
    </ClInclude>
    <ClInclude Include="VulkanDevice.h">
      <Filter>头文件</Filter>
    </ClInclude>
    <ClInclude Include="VulkanCommandPool.h">
      <Filter>头文件</Filter>
    </ClInclude>
    <ClInclude Include="VulkanCommandBuffer.h">
      <Filter>头文件</Filter>
    </ClInclude>
    <ClInclude Include="VulkanPipeline.h">
      <Filter>头文件</Filter>
    </ClInclude>
    <ClInclude Include="VulkanShader.h">
      <Filter>头文件</Filter>
    </ClInclude>
    <ClInclude Include="VulkanFramebuffer.h">
      <Filter>头文件</Filter>
    </ClInclude>
    <ClInclude Include="VulkanGpu.h">
      <Filter>头文件</Filter>
    </ClInclude>
    <ClInclude Include="VulkanGpuManager.h">
      <Filter>头文件</Filter>
    </ClInclude>
    <ClInclude Include="VulkanSurface.h">
      <Filter>头文件</Filter>
    </ClInclude>
    <ClInclude Include="VulkanGlobal.h">
      <Filter>头文件</Filter>
    </ClInclude>
    <ClInclude Include="VulkanSwapChainKHR.h">
      <Filter>头文件</Filter>
    </ClInclude>
    <ClInclude Include="VulkanPipelineLayout.h">
      <Filter>头文件</Filter>
    </ClInclude>
    <ClInclude Include="VulkanRenderPass.h">
      <Filter>头文件</Filter>
    </ClInclude>
    <ClInclude Include="VulkanImageView.h">
      <Filter>头文件</Filter>
    </ClInclude>
    <ClInclude Include="VertexData.h">
      <Filter>头文件</Filter>
    </ClInclude>
    <ClInclude Include="VulkanVertexBufferBase.h">
      <Filter>头文件</Filter>
    </ClInclude>
    <ClInclude Include="VulkanHostVisibleVertexBuffer.h">
      <Filter>头文件</Filter>
    </ClInclude>
    <ClInclude Include="VulkanDeviceLocalVertexBuffer.h">
      <Filter>头文件</Filter>
    </ClInclude>
    <ClInclude Include="VulkanQueue.h">
      <Filter>头文件</Filter>
    </ClInclude>
    <ClInclude Include="VulkanCommandBase.h">
      <Filter>头文件</Filter>
    </ClInclude>
    <ClInclude Include="VulkanRenderPassBeginCommand.h">
      <Filter>头文件</Filter>
    </ClInclude>
    <ClInclude Include="VulkanBindPipelineCommand.h">
      <Filter>头文件</Filter>
    </ClInclude>
    <ClInclude Include="VulkanDrawCommand.h">
      <Filter>头文件</Filter>
    </ClInclude>
    <ClInclude Include="VulkanFence.h">
      <Filter>头文件</Filter>
    </ClInclude>
    <ClInclude Include="VulkanSemaphore.h">
      <Filter>头文件</Filter>
    </ClInclude>
    <ClInclude Include="VulkanBuffer.h">
      <Filter>头文件</Filter>
    </ClInclude>
    <ClInclude Include="VulkanUniformBuffer.h">
      <Filter>头文件</Filter>
    </ClInclude>
    <ClInclude Include="VulkanDescriptorPool.h">
      <Filter>头文件</Filter>
    </ClInclude>
    <ClInclude Include="VulkanDescriptorSet.h">
      <Filter>头文件</Filter>
    </ClInclude>
    <ClInclude Include="VulkanDescriptorSetLayout.h">
      <Filter>头文件</Filter>
    </ClInclude>
    <ClInclude Include="VulkanHostVisibleIndexBuffer.h">
      <Filter>头文件</Filter>
    </ClInclude>
    <ClInclude Include="VulkanDeviceLocalIndexBuffer.h">
      <Filter>头文件</Filter>
    </ClInclude>
    <ClInclude Include="ImageData.h">
      <Filter>头文件</Filter>
    </ClInclude>
    <ClInclude Include="VulkanImageHostVisibleBuffer.h">
      <Filter>头文件</Filter>
    </ClInclude>
    <ClInclude Include="VulkanDeviceLocalImage.h">
      <Filter>头文件</Filter>
    </ClInclude>
    <ClInclude Include="VulkanSampler.h">
      <Filter>头文件</Filter>
    </ClInclude>
    <ClInclude Include="VulkanBaseType.h">
      <Filter>头文件</Filter>
    </ClInclude>
    <ClInclude Include="VulkanDescriptor.h">
      <Filter>头文件</Filter>
    </ClInclude>
    <ClInclude Include="VulkanBufferDescriptor.h">
      <Filter>头文件</Filter>
    </ClInclude>
  </ItemGroup>
</Project>